// !$*UTF8*$!
{
	archiveVersion = 1;
	classes = {
	};
	objectVersion = 55;
	objects = {

/* Begin PBXBuildFile section */
		90070F0828737E8E00E5ED07 /* SearchResult.swift in Sources */ = {isa = PBXBuildFile; fileRef = 90070F0728737E8E00E5ED07 /* SearchResult.swift */; };
		9047F185284682450017B1E0 /* AppDelegate.swift in Sources */ = {isa = PBXBuildFile; fileRef = 9047F184284682450017B1E0 /* AppDelegate.swift */; };
		9047F189284682450017B1E0 /* TodayViewController.swift in Sources */ = {isa = PBXBuildFile; fileRef = 9047F188284682450017B1E0 /* TodayViewController.swift */; };
		9047F18E284682460017B1E0 /* Assets.xcassets in Resources */ = {isa = PBXBuildFile; fileRef = 9047F18D284682460017B1E0 /* Assets.xcassets */; };
		9047F191284682460017B1E0 /* LaunchScreen.storyboard in Resources */ = {isa = PBXBuildFile; fileRef = 9047F18F284682460017B1E0 /* LaunchScreen.storyboard */; };
		9047F199284686190017B1E0 /* MainTabBarController.swift in Sources */ = {isa = PBXBuildFile; fileRef = 9047F198284686190017B1E0 /* MainTabBarController.swift */; };
		9047F19B28468A9C0017B1E0 /* AppsViewController.swift in Sources */ = {isa = PBXBuildFile; fileRef = 9047F19A28468A9C0017B1E0 /* AppsViewController.swift */; };
		9047F19F28468B2D0017B1E0 /* SearchViewController.swift in Sources */ = {isa = PBXBuildFile; fileRef = 9047F19E28468B2D0017B1E0 /* SearchViewController.swift */; };
		9047F1A5284694110017B1E0 /* CategoryCell.swift in Sources */ = {isa = PBXBuildFile; fileRef = 9047F1A4284694110017B1E0 /* CategoryCell.swift */; };
		9073A76B2866178100113E19 /* SearchResultCell.swift in Sources */ = {isa = PBXBuildFile; fileRef = 9073A76A2866178100113E19 /* SearchResultCell.swift */; };
		9073A76E286C5AF200113E19 /* UIView + Layout.swift in Sources */ = {isa = PBXBuildFile; fileRef = 9073A76D286C5AF200113E19 /* UIView + Layout.swift */; };
		9073A770286C6E9100113E19 /* VerticalStackView.swift in Sources */ = {isa = PBXBuildFile; fileRef = 9073A76F286C6E9100113E19 /* VerticalStackView.swift */; };
		909FC33F28589F170051E6AE /* AppList.swift in Sources */ = {isa = PBXBuildFile; fileRef = 909FC33E28589F170051E6AE /* AppList.swift */; };
		909FC3422858A62E0051E6AE /* NetworkManager.swift in Sources */ = {isa = PBXBuildFile; fileRef = 909FC3412858A62D0051E6AE /* NetworkManager.swift */; };
/* End PBXBuildFile section */

/* Begin PBXFileReference section */
		90070F0728737E8E00E5ED07 /* SearchResult.swift */ = {isa = PBXFileReference; lastKnownFileType = sourcecode.swift; path = SearchResult.swift; sourceTree = "<group>"; };
		9047F181284682450017B1E0 /* AppStore2K20.app */ = {isa = PBXFileReference; explicitFileType = wrapper.application; includeInIndex = 0; path = AppStore2K20.app; sourceTree = BUILT_PRODUCTS_DIR; };
		9047F184284682450017B1E0 /* AppDelegate.swift */ = {isa = PBXFileReference; lastKnownFileType = sourcecode.swift; path = AppDelegate.swift; sourceTree = "<group>"; };
		9047F188284682450017B1E0 /* TodayViewController.swift */ = {isa = PBXFileReference; lastKnownFileType = sourcecode.swift; path = TodayViewController.swift; sourceTree = "<group>"; };
		9047F18D284682460017B1E0 /* Assets.xcassets */ = {isa = PBXFileReference; lastKnownFileType = folder.assetcatalog; path = Assets.xcassets; sourceTree = "<group>"; };
		9047F190284682460017B1E0 /* Base */ = {isa = PBXFileReference; lastKnownFileType = file.storyboard; name = Base; path = Base.lproj/LaunchScreen.storyboard; sourceTree = "<group>"; };
		9047F192284682460017B1E0 /* Info.plist */ = {isa = PBXFileReference; lastKnownFileType = text.plist.xml; path = Info.plist; sourceTree = "<group>"; };
		9047F198284686190017B1E0 /* MainTabBarController.swift */ = {isa = PBXFileReference; lastKnownFileType = sourcecode.swift; path = MainTabBarController.swift; sourceTree = "<group>"; };
		9047F19A28468A9C0017B1E0 /* AppsViewController.swift */ = {isa = PBXFileReference; lastKnownFileType = sourcecode.swift; path = AppsViewController.swift; sourceTree = "<group>"; };
		9047F19E28468B2D0017B1E0 /* SearchViewController.swift */ = {isa = PBXFileReference; lastKnownFileType = sourcecode.swift; path = SearchViewController.swift; sourceTree = "<group>"; };
		9047F1A4284694110017B1E0 /* CategoryCell.swift */ = {isa = PBXFileReference; lastKnownFileType = sourcecode.swift; path = CategoryCell.swift; sourceTree = "<group>"; };
		9073A76A2866178100113E19 /* SearchResultCell.swift */ = {isa = PBXFileReference; lastKnownFileType = sourcecode.swift; path = SearchResultCell.swift; sourceTree = "<group>"; };
		9073A76D286C5AF200113E19 /* UIView + Layout.swift */ = {isa = PBXFileReference; lastKnownFileType = sourcecode.swift; path = "UIView + Layout.swift"; sourceTree = "<group>"; };
		9073A76F286C6E9100113E19 /* VerticalStackView.swift */ = {isa = PBXFileReference; lastKnownFileType = sourcecode.swift; path = VerticalStackView.swift; sourceTree = "<group>"; };
		909FC33E28589F170051E6AE /* AppList.swift */ = {isa = PBXFileReference; lastKnownFileType = sourcecode.swift; path = AppList.swift; sourceTree = "<group>"; };
		909FC3412858A62D0051E6AE /* NetworkManager.swift */ = {isa = PBXFileReference; lastKnownFileType = sourcecode.swift; path = NetworkManager.swift; sourceTree = "<group>"; };
/* End PBXFileReference section */

/* Begin PBXFrameworksBuildPhase section */
		9047F17E284682450017B1E0 /* Frameworks */ = {
			isa = PBXFrameworksBuildPhase;
			buildActionMask = 2147483647;
			files = (
			);
			runOnlyForDeploymentPostprocessing = 0;
		};
/* End PBXFrameworksBuildPhase section */

/* Begin PBXGroup section */
		9047F178284682450017B1E0 = {
			isa = PBXGroup;
			children = (
				9047F183284682450017B1E0 /* AppStore2K20 */,
				9047F182284682450017B1E0 /* Products */,
			);
			sourceTree = "<group>";
		};
		9047F182284682450017B1E0 /* Products */ = {
			isa = PBXGroup;
			children = (
				9047F181284682450017B1E0 /* AppStore2K20.app */,
			);
			name = Products;
			sourceTree = "<group>";
		};
		9047F183284682450017B1E0 /* AppStore2K20 */ = {
			isa = PBXGroup;
			children = (
				9047F1A328468DDD0017B1E0 /* App */,
				9073A76C286C5ACB00113E19 /* Halpers */,
				9047F1A228468DC70017B1E0 /* Controllers */,
				9047F1A62846942B0017B1E0 /* Views */,
				909FC34028589F330051E6AE /* Models */,
				909FC3432858A6440051E6AE /* Services */,
			);
			path = AppStore2K20;
			sourceTree = "<group>";
		};
		9047F1A228468DC70017B1E0 /* Controllers */ = {
			isa = PBXGroup;
			children = (
				9047F198284686190017B1E0 /* MainTabBarController.swift */,
				9047F188284682450017B1E0 /* TodayViewController.swift */,
				9047F19A28468A9C0017B1E0 /* AppsViewController.swift */,
				9047F19E28468B2D0017B1E0 /* SearchViewController.swift */,
			);
			path = Controllers;
			sourceTree = "<group>";
		};
		9047F1A328468DDD0017B1E0 /* App */ = {
			isa = PBXGroup;
			children = (
				9047F184284682450017B1E0 /* AppDelegate.swift */,
				9047F18D284682460017B1E0 /* Assets.xcassets */,
				9047F18F284682460017B1E0 /* LaunchScreen.storyboard */,
				9047F192284682460017B1E0 /* Info.plist */,
			);
			path = App;
			sourceTree = "<group>";
		};
		9047F1A62846942B0017B1E0 /* Views */ = {
			isa = PBXGroup;
			children = (
				9047F1A4284694110017B1E0 /* CategoryCell.swift */,
				9073A76A2866178100113E19 /* SearchResultCell.swift */,
			);
			path = Views;
			sourceTree = "<group>";
		};
		9073A76C286C5ACB00113E19 /* Halpers */ = {
			isa = PBXGroup;
			children = (
				9073A76D286C5AF200113E19 /* UIView + Layout.swift */,
				9073A76F286C6E9100113E19 /* VerticalStackView.swift */,
			);
			path = Halpers;
			sourceTree = "<group>";
		};
		909FC34028589F330051E6AE /* Models */ = {
			isa = PBXGroup;
			children = (
				909FC33E28589F170051E6AE /* AppList.swift */,
				90070F0728737E8E00E5ED07 /* SearchResult.swift */,
			);
			path = Models;
			sourceTree = "<group>";
		};
		909FC3432858A6440051E6AE /* Services */ = {
			isa = PBXGroup;
			children = (
				909FC3412858A62D0051E6AE /* NetworkManager.swift */,
			);
			path = Services;
			sourceTree = "<group>";
		};
/* End PBXGroup section */

/* Begin PBXNativeTarget section */
		9047F180284682450017B1E0 /* AppStore2K20 */ = {
			isa = PBXNativeTarget;
			buildConfigurationList = 9047F195284682460017B1E0 /* Build configuration list for PBXNativeTarget "AppStore2K20" */;
			buildPhases = (
				9047F17D284682450017B1E0 /* Sources */,
				9047F17E284682450017B1E0 /* Frameworks */,
				9047F17F284682450017B1E0 /* Resources */,
			);
			buildRules = (
			);
			dependencies = (
			);
			name = AppStore2K20;
			productName = AppStore2K16;
			productReference = 9047F181284682450017B1E0 /* AppStore2K20.app */;
			productType = "com.apple.product-type.application";
		};
/* End PBXNativeTarget section */

/* Begin PBXProject section */
		9047F179284682450017B1E0 /* Project object */ = {
			isa = PBXProject;
			attributes = {
				BuildIndependentTargetsInParallel = 1;
				LastSwiftUpdateCheck = 1340;
				LastUpgradeCheck = 1340;
				TargetAttributes = {
					9047F180284682450017B1E0 = {
						CreatedOnToolsVersion = 13.4;
					};
				};
			};
			buildConfigurationList = 9047F17C284682450017B1E0 /* Build configuration list for PBXProject "AppStore2K20" */;
			compatibilityVersion = "Xcode 13.0";
			developmentRegion = en;
			hasScannedForEncodings = 0;
			knownRegions = (
				en,
				Base,
			);
			mainGroup = 9047F178284682450017B1E0;
			productRefGroup = 9047F182284682450017B1E0 /* Products */;
			projectDirPath = "";
			projectRoot = "";
			targets = (
				9047F180284682450017B1E0 /* AppStore2K20 */,
			);
		};
/* End PBXProject section */

/* Begin PBXResourcesBuildPhase section */
		9047F17F284682450017B1E0 /* Resources */ = {
			isa = PBXResourcesBuildPhase;
			buildActionMask = 2147483647;
			files = (
				9047F191284682460017B1E0 /* LaunchScreen.storyboard in Resources */,
				9047F18E284682460017B1E0 /* Assets.xcassets in Resources */,
			);
			runOnlyForDeploymentPostprocessing = 0;
		};
/* End PBXResourcesBuildPhase section */

/* Begin PBXSourcesBuildPhase section */
		9047F17D284682450017B1E0 /* Sources */ = {
			isa = PBXSourcesBuildPhase;
			buildActionMask = 2147483647;
			files = (
				9047F19F28468B2D0017B1E0 /* SearchViewController.swift in Sources */,
				9073A770286C6E9100113E19 /* VerticalStackView.swift in Sources */,
				9047F19B28468A9C0017B1E0 /* AppsViewController.swift in Sources */,
				9073A76E286C5AF200113E19 /* UIView + Layout.swift in Sources */,
				909FC3422858A62E0051E6AE /* NetworkManager.swift in Sources */,
				9047F1A5284694110017B1E0 /* CategoryCell.swift in Sources */,
				9047F189284682450017B1E0 /* TodayViewController.swift in Sources */,
				909FC33F28589F170051E6AE /* AppList.swift in Sources */,
				9047F185284682450017B1E0 /* AppDelegate.swift in Sources */,
				9073A76B2866178100113E19 /* SearchResultCell.swift in Sources */,
				90070F0828737E8E00E5ED07 /* SearchResult.swift in Sources */,
				9047F199284686190017B1E0 /* MainTabBarController.swift in Sources */,
			);
			runOnlyForDeploymentPostprocessing = 0;
		};
/* End PBXSourcesBuildPhase section */

/* Begin PBXVariantGroup section */
		9047F18F284682460017B1E0 /* LaunchScreen.storyboard */ = {
			isa = PBXVariantGroup;
			children = (
				9047F190284682460017B1E0 /* Base */,
			);
			name = LaunchScreen.storyboard;
			sourceTree = "<group>";
		};
/* End PBXVariantGroup section */

/* Begin XCBuildConfiguration section */
		9047F193284682460017B1E0 /* Debug */ = {
			isa = XCBuildConfiguration;
			buildSettings = {
				ALWAYS_SEARCH_USER_PATHS = NO;
				CLANG_ANALYZER_NONNULL = YES;
				CLANG_ANALYZER_NUMBER_OBJECT_CONVERSION = YES_AGGRESSIVE;
				CLANG_CXX_LANGUAGE_STANDARD = "gnu++17";
				CLANG_ENABLE_MODULES = YES;
				CLANG_ENABLE_OBJC_ARC = YES;
				CLANG_ENABLE_OBJC_WEAK = YES;
				CLANG_WARN_BLOCK_CAPTURE_AUTORELEASING = YES;
				CLANG_WARN_BOOL_CONVERSION = YES;
				CLANG_WARN_COMMA = YES;
				CLANG_WARN_CONSTANT_CONVERSION = YES;
				CLANG_WARN_DEPRECATED_OBJC_IMPLEMENTATIONS = YES;
				CLANG_WARN_DIRECT_OBJC_ISA_USAGE = YES_ERROR;
				CLANG_WARN_DOCUMENTATION_COMMENTS = YES;
				CLANG_WARN_EMPTY_BODY = YES;
				CLANG_WARN_ENUM_CONVERSION = YES;
				CLANG_WARN_INFINITE_RECURSION = YES;
				CLANG_WARN_INT_CONVERSION = YES;
				CLANG_WARN_NON_LITERAL_NULL_CONVERSION = YES;
				CLANG_WARN_OBJC_IMPLICIT_RETAIN_SELF = YES;
				CLANG_WARN_OBJC_LITERAL_CONVERSION = YES;
				CLANG_WARN_OBJC_ROOT_CLASS = YES_ERROR;
				CLANG_WARN_QUOTED_INCLUDE_IN_FRAMEWORK_HEADER = YES;
				CLANG_WARN_RANGE_LOOP_ANALYSIS = YES;
				CLANG_WARN_STRICT_PROTOTYPES = YES;
				CLANG_WARN_SUSPICIOUS_MOVE = YES;
				CLANG_WARN_UNGUARDED_AVAILABILITY = YES_AGGRESSIVE;
				CLANG_WARN_UNREACHABLE_CODE = YES;
				CLANG_WARN__DUPLICATE_METHOD_MATCH = YES;
				COPY_PHASE_STRIP = NO;
				DEBUG_INFORMATION_FORMAT = dwarf;
				ENABLE_STRICT_OBJC_MSGSEND = YES;
				ENABLE_TESTABILITY = YES;
				GCC_C_LANGUAGE_STANDARD = gnu11;
				GCC_DYNAMIC_NO_PIC = NO;
				GCC_NO_COMMON_BLOCKS = YES;
				GCC_OPTIMIZATION_LEVEL = 0;
				GCC_PREPROCESSOR_DEFINITIONS = (
					"DEBUG=1",
					"$(inherited)",
				);
				GCC_WARN_64_TO_32_BIT_CONVERSION = YES;
				GCC_WARN_ABOUT_RETURN_TYPE = YES_ERROR;
				GCC_WARN_UNDECLARED_SELECTOR = YES;
				GCC_WARN_UNINITIALIZED_AUTOS = YES_AGGRESSIVE;
				GCC_WARN_UNUSED_FUNCTION = YES;
				GCC_WARN_UNUSED_VARIABLE = YES;
				IPHONEOS_DEPLOYMENT_TARGET = 14.0;
				MTL_ENABLE_DEBUG_INFO = INCLUDE_SOURCE;
				MTL_FAST_MATH = YES;
				ONLY_ACTIVE_ARCH = YES;
				SDKROOT = iphoneos;
				SWIFT_ACTIVE_COMPILATION_CONDITIONS = DEBUG;
				SWIFT_OPTIMIZATION_LEVEL = "-Onone";
			};
			name = Debug;
		};
		9047F194284682460017B1E0 /* Release */ = {
			isa = XCBuildConfiguration;
			buildSettings = {
				ALWAYS_SEARCH_USER_PATHS = NO;
				CLANG_ANALYZER_NONNULL = YES;
				CLANG_ANALYZER_NUMBER_OBJECT_CONVERSION = YES_AGGRESSIVE;
				CLANG_CXX_LANGUAGE_STANDARD = "gnu++17";
				CLANG_ENABLE_MODULES = YES;
				CLANG_ENABLE_OBJC_ARC = YES;
				CLANG_ENABLE_OBJC_WEAK = YES;
				CLANG_WARN_BLOCK_CAPTURE_AUTORELEASING = YES;
				CLANG_WARN_BOOL_CONVERSION = YES;
				CLANG_WARN_COMMA = YES;
				CLANG_WARN_CONSTANT_CONVERSION = YES;
				CLANG_WARN_DEPRECATED_OBJC_IMPLEMENTATIONS = YES;
				CLANG_WARN_DIRECT_OBJC_ISA_USAGE = YES_ERROR;
				CLANG_WARN_DOCUMENTATION_COMMENTS = YES;
				CLANG_WARN_EMPTY_BODY = YES;
				CLANG_WARN_ENUM_CONVERSION = YES;
				CLANG_WARN_INFINITE_RECURSION = YES;
				CLANG_WARN_INT_CONVERSION = YES;
				CLANG_WARN_NON_LITERAL_NULL_CONVERSION = YES;
				CLANG_WARN_OBJC_IMPLICIT_RETAIN_SELF = YES;
				CLANG_WARN_OBJC_LITERAL_CONVERSION = YES;
				CLANG_WARN_OBJC_ROOT_CLASS = YES_ERROR;
				CLANG_WARN_QUOTED_INCLUDE_IN_FRAMEWORK_HEADER = YES;
				CLANG_WARN_RANGE_LOOP_ANALYSIS = YES;
				CLANG_WARN_STRICT_PROTOTYPES = YES;
				CLANG_WARN_SUSPICIOUS_MOVE = YES;
				CLANG_WARN_UNGUARDED_AVAILABILITY = YES_AGGRESSIVE;
				CLANG_WARN_UNREACHABLE_CODE = YES;
				CLANG_WARN__DUPLICATE_METHOD_MATCH = YES;
				COPY_PHASE_STRIP = NO;
				DEBUG_INFORMATION_FORMAT = "dwarf-with-dsym";
				ENABLE_NS_ASSERTIONS = NO;
				ENABLE_STRICT_OBJC_MSGSEND = YES;
				GCC_C_LANGUAGE_STANDARD = gnu11;
				GCC_NO_COMMON_BLOCKS = YES;
				GCC_WARN_64_TO_32_BIT_CONVERSION = YES;
				GCC_WARN_ABOUT_RETURN_TYPE = YES_ERROR;
				GCC_WARN_UNDECLARED_SELECTOR = YES;
				GCC_WARN_UNINITIALIZED_AUTOS = YES_AGGRESSIVE;
				GCC_WARN_UNUSED_FUNCTION = YES;
				GCC_WARN_UNUSED_VARIABLE = YES;
				IPHONEOS_DEPLOYMENT_TARGET = 14.0;
				MTL_ENABLE_DEBUG_INFO = NO;
				MTL_FAST_MATH = YES;
				SDKROOT = iphoneos;
				SWIFT_COMPILATION_MODE = wholemodule;
				SWIFT_OPTIMIZATION_LEVEL = "-O";
				VALIDATE_PRODUCT = YES;
			};
			name = Release;
		};
		9047F196284682460017B1E0 /* Debug */ = {
			isa = XCBuildConfiguration;
			buildSettings = {
				ASSETCATALOG_COMPILER_APPICON_NAME = AppIcon;
				ASSETCATALOG_COMPILER_GLOBAL_ACCENT_COLOR_NAME = AccentColor;
				CODE_SIGN_STYLE = Automatic;
				CURRENT_PROJECT_VERSION = 1;
				DEVELOPMENT_TEAM = S3448RJL2F;
				GENERATE_INFOPLIST_FILE = YES;
				INFOPLIST_FILE = AppStore2K20/App/Info.plist;
				INFOPLIST_KEY_UIApplicationSupportsIndirectInputEvents = YES;
				INFOPLIST_KEY_UILaunchStoryboardName = LaunchScreen;
				INFOPLIST_KEY_UISupportedInterfaceOrientations = UIInterfaceOrientationPortrait;
				INFOPLIST_KEY_UISupportedInterfaceOrientations_iPad = "UIInterfaceOrientationPortrait UIInterfaceOrientationPortraitUpsideDown UIInterfaceOrientationLandscapeLeft UIInterfaceOrientationLandscapeRight";
				INFOPLIST_KEY_UISupportedInterfaceOrientations_iPhone = "UIInterfaceOrientationPortrait UIInterfaceOrientationLandscapeLeft UIInterfaceOrientationLandscapeRight";
				IPHONEOS_DEPLOYMENT_TARGET = 14.0;
				LD_RUNPATH_SEARCH_PATHS = (
					"$(inherited)",
					"@executable_path/Frameworks",
				);
				MARKETING_VERSION = 1.0;
				PRODUCT_BUNDLE_IDENTIFIER = com.WhiteAlien.AppStore2K20;
				PRODUCT_NAME = "$(TARGET_NAME)";
				SWIFT_EMIT_LOC_STRINGS = YES;
				SWIFT_VERSION = 5.0;
				TARGETED_DEVICE_FAMILY = 1;
			};
			name = Debug;
		};
		9047F197284682460017B1E0 /* Release */ = {
			isa = XCBuildConfiguration;
			buildSettings = {
				ASSETCATALOG_COMPILER_APPICON_NAME = AppIcon;
				ASSETCATALOG_COMPILER_GLOBAL_ACCENT_COLOR_NAME = AccentColor;
				CODE_SIGN_STYLE = Automatic;
				CURRENT_PROJECT_VERSION = 1;
				DEVELOPMENT_TEAM = S3448RJL2F;
				GENERATE_INFOPLIST_FILE = YES;
				INFOPLIST_FILE = AppStore2K20/App/Info.plist;
				INFOPLIST_KEY_UIApplicationSupportsIndirectInputEvents = YES;
				INFOPLIST_KEY_UILaunchStoryboardName = LaunchScreen;
				INFOPLIST_KEY_UISupportedInterfaceOrientations = UIInterfaceOrientationPortrait;
				INFOPLIST_KEY_UISupportedInterfaceOrientations_iPad = "UIInterfaceOrientationPortrait UIInterfaceOrientationPortraitUpsideDown UIInterfaceOrientationLandscapeLeft UIInterfaceOrientationLandscapeRight";
				INFOPLIST_KEY_UISupportedInterfaceOrientations_iPhone = "UIInterfaceOrientationPortrait UIInterfaceOrientationLandscapeLeft UIInterfaceOrientationLandscapeRight";
				IPHONEOS_DEPLOYMENT_TARGET = 14.0;
				LD_RUNPATH_SEARCH_PATHS = (
					"$(inherited)",
					"@executable_path/Frameworks",
				);
				MARKETING_VERSION = 1.0;
				PRODUCT_BUNDLE_IDENTIFIER = com.WhiteAlien.AppStore2K20;
				PRODUCT_NAME = "$(TARGET_NAME)";
				SWIFT_EMIT_LOC_STRINGS = YES;
				SWIFT_VERSION = 5.0;
				TARGETED_DEVICE_FAMILY = 1;
			};
			name = Release;
		};
/* End XCBuildConfiguration section */

/* Begin XCConfigurationList section */
		9047F17C284682450017B1E0 /* Build configuration list for PBXProject "AppStore2K20" */ = {
			isa = XCConfigurationList;
			buildConfigurations = (
				9047F193284682460017B1E0 /* Debug */,
				9047F194284682460017B1E0 /* Release */,
			);
			defaultConfigurationIsVisible = 0;
			defaultConfigurationName = Release;
		};
		9047F195284682460017B1E0 /* Build configuration list for PBXNativeTarget "AppStore2K20" */ = {
			isa = XCConfigurationList;
			buildConfigurations = (
				9047F196284682460017B1E0 /* Debug */,
				9047F197284682460017B1E0 /* Release */,
			);
			defaultConfigurationIsVisible = 0;
			defaultConfigurationName = Release;
		};
/* End XCConfigurationList section */
	};
	rootObject = 9047F179284682450017B1E0 /* Project object */;
}
