// !$*UTF8*$!
{
	archiveVersion = 1;
	classes = {
	};
	objectVersion = 55;
	objects = {

/* Begin PBXBuildFile section */
		8C0188FB6A5A7066001E1836 /* Pods_AppStore2K20.framework in Frameworks */ = {isa = PBXBuildFile; fileRef = E62A8012E9625B5A6EC44D84 /* Pods_AppStore2K20.framework */; };
		90070F0828737E8E00E5ED07 /* SearchResult.swift in Sources */ = {isa = PBXBuildFile; fileRef = 90070F0728737E8E00E5ED07 /* SearchResult.swift */; };
		900AC520287C3C63004981B5 /* BaseListController.swift in Sources */ = {isa = PBXBuildFile; fileRef = 900AC51F287C3C63004981B5 /* BaseListController.swift */; };
		900AC526287C9D9B004981B5 /* AppHorizontalController.swift in Sources */ = {isa = PBXBuildFile; fileRef = 900AC525287C9D9B004981B5 /* AppHorizontalController.swift */; };
		900AC528287DA7AB004981B5 /* AppRowCell.swift in Sources */ = {isa = PBXBuildFile; fileRef = 900AC527287DA7AB004981B5 /* AppRowCell.swift */; };
		900AC52A287DA91E004981B5 /* Extensions.swift in Sources */ = {isa = PBXBuildFile; fileRef = 900AC529287DA91E004981B5 /* Extensions.swift */; };
		900DFE0F288AD7E600BD452A /* SocialApp.swift in Sources */ = {isa = PBXBuildFile; fileRef = 900DFE0E288AD7E600BD452A /* SocialApp.swift */; };
		9017337C2880AC19000552EA /* AppsPageHeader.swift in Sources */ = {isa = PBXBuildFile; fileRef = 9017337B2880AC19000552EA /* AppsPageHeader.swift */; };
		9017337E2880AFF0000552EA /* AppHeaderHorizontalController.swift in Sources */ = {isa = PBXBuildFile; fileRef = 9017337D2880AFEF000552EA /* AppHeaderHorizontalController.swift */; };
		901733802880B45E000552EA /* AppsHeaderCell.swift in Sources */ = {isa = PBXBuildFile; fileRef = 9017337F2880B45E000552EA /* AppsHeaderCell.swift */; };
		9047F185284682450017B1E0 /* AppDelegate.swift in Sources */ = {isa = PBXBuildFile; fileRef = 9047F184284682450017B1E0 /* AppDelegate.swift */; };
		9047F189284682450017B1E0 /* TodayController.swift in Sources */ = {isa = PBXBuildFile; fileRef = 9047F188284682450017B1E0 /* TodayController.swift */; };
		9047F18E284682460017B1E0 /* Assets.xcassets in Resources */ = {isa = PBXBuildFile; fileRef = 9047F18D284682460017B1E0 /* Assets.xcassets */; };
		9047F191284682460017B1E0 /* LaunchScreen.storyboard in Resources */ = {isa = PBXBuildFile; fileRef = 9047F18F284682460017B1E0 /* LaunchScreen.storyboard */; };
		9047F199284686190017B1E0 /* MainTabBarController.swift in Sources */ = {isa = PBXBuildFile; fileRef = 9047F198284686190017B1E0 /* MainTabBarController.swift */; };
		9047F19B28468A9C0017B1E0 /* AppsPageController.swift in Sources */ = {isa = PBXBuildFile; fileRef = 9047F19A28468A9C0017B1E0 /* AppsPageController.swift */; };
		9047F19F28468B2D0017B1E0 /* AppsSearchController.swift in Sources */ = {isa = PBXBuildFile; fileRef = 9047F19E28468B2D0017B1E0 /* AppsSearchController.swift */; };
		9047F1A5284694110017B1E0 /* AppsGroupCell.swift in Sources */ = {isa = PBXBuildFile; fileRef = 9047F1A4284694110017B1E0 /* AppsGroupCell.swift */; };
		9073A76B2866178100113E19 /* SearchResultCell.swift in Sources */ = {isa = PBXBuildFile; fileRef = 9073A76A2866178100113E19 /* SearchResultCell.swift */; };
		9073A76E286C5AF200113E19 /* UIView + Layout.swift in Sources */ = {isa = PBXBuildFile; fileRef = 9073A76D286C5AF200113E19 /* UIView + Layout.swift */; };
		9073A770286C6E9100113E19 /* VerticalStackView.swift in Sources */ = {isa = PBXBuildFile; fileRef = 9073A76F286C6E9100113E19 /* VerticalStackView.swift */; };
		909FC33F28589F170051E6AE /* AppGroup.swift in Sources */ = {isa = PBXBuildFile; fileRef = 909FC33E28589F170051E6AE /* AppGroup.swift */; };
		909FC3422858A62E0051E6AE /* NetworkManager.swift in Sources */ = {isa = PBXBuildFile; fileRef = 909FC3412858A62D0051E6AE /* NetworkManager.swift */; };
/* End PBXBuildFile section */

/* Begin PBXFileReference section */
		4DA6B50C982C235C377DBC40 /* Pods-AppStore2K20.release.xcconfig */ = {isa = PBXFileReference; includeInIndex = 1; lastKnownFileType = text.xcconfig; name = "Pods-AppStore2K20.release.xcconfig"; path = "Target Support Files/Pods-AppStore2K20/Pods-AppStore2K20.release.xcconfig"; sourceTree = "<group>"; };
		54E8DC91CECBEFD89DC06952 /* Pods-AppStore2K20.debug.xcconfig */ = {isa = PBXFileReference; includeInIndex = 1; lastKnownFileType = text.xcconfig; name = "Pods-AppStore2K20.debug.xcconfig"; path = "Target Support Files/Pods-AppStore2K20/Pods-AppStore2K20.debug.xcconfig"; sourceTree = "<group>"; };
		90070F0728737E8E00E5ED07 /* SearchResult.swift */ = {isa = PBXFileReference; lastKnownFileType = sourcecode.swift; path = SearchResult.swift; sourceTree = "<group>"; };
		900AC51F287C3C63004981B5 /* BaseListController.swift */ = {isa = PBXFileReference; lastKnownFileType = sourcecode.swift; path = BaseListController.swift; sourceTree = "<group>"; };
		900AC525287C9D9B004981B5 /* AppHorizontalController.swift */ = {isa = PBXFileReference; lastKnownFileType = sourcecode.swift; path = AppHorizontalController.swift; sourceTree = "<group>"; };
		900AC527287DA7AB004981B5 /* AppRowCell.swift */ = {isa = PBXFileReference; lastKnownFileType = sourcecode.swift; path = AppRowCell.swift; sourceTree = "<group>"; };
		900AC529287DA91E004981B5 /* Extensions.swift */ = {isa = PBXFileReference; lastKnownFileType = sourcecode.swift; path = Extensions.swift; sourceTree = "<group>"; };
		900DFE0E288AD7E600BD452A /* SocialApp.swift */ = {isa = PBXFileReference; lastKnownFileType = sourcecode.swift; path = SocialApp.swift; sourceTree = "<group>"; };
		9017337B2880AC19000552EA /* AppsPageHeader.swift */ = {isa = PBXFileReference; lastKnownFileType = sourcecode.swift; path = AppsPageHeader.swift; sourceTree = "<group>"; };
		9017337D2880AFEF000552EA /* AppHeaderHorizontalController.swift */ = {isa = PBXFileReference; lastKnownFileType = sourcecode.swift; path = AppHeaderHorizontalController.swift; sourceTree = "<group>"; };
		9017337F2880B45E000552EA /* AppsHeaderCell.swift */ = {isa = PBXFileReference; lastKnownFileType = sourcecode.swift; path = AppsHeaderCell.swift; sourceTree = "<group>"; };
		9047F181284682450017B1E0 /* AppStore2K20.app */ = {isa = PBXFileReference; explicitFileType = wrapper.application; includeInIndex = 0; path = AppStore2K20.app; sourceTree = BUILT_PRODUCTS_DIR; };
		9047F184284682450017B1E0 /* AppDelegate.swift */ = {isa = PBXFileReference; lastKnownFileType = sourcecode.swift; path = AppDelegate.swift; sourceTree = "<group>"; };
		9047F188284682450017B1E0 /* TodayController.swift */ = {isa = PBXFileReference; lastKnownFileType = sourcecode.swift; path = TodayController.swift; sourceTree = "<group>"; };
		9047F18D284682460017B1E0 /* Assets.xcassets */ = {isa = PBXFileReference; lastKnownFileType = folder.assetcatalog; path = Assets.xcassets; sourceTree = "<group>"; };
		9047F190284682460017B1E0 /* Base */ = {isa = PBXFileReference; lastKnownFileType = file.storyboard; name = Base; path = Base.lproj/LaunchScreen.storyboard; sourceTree = "<group>"; };
		9047F192284682460017B1E0 /* Info.plist */ = {isa = PBXFileReference; lastKnownFileType = text.plist.xml; path = Info.plist; sourceTree = "<group>"; };
		9047F198284686190017B1E0 /* MainTabBarController.swift */ = {isa = PBXFileReference; lastKnownFileType = sourcecode.swift; path = MainTabBarController.swift; sourceTree = "<group>"; };
		9047F19A28468A9C0017B1E0 /* AppsPageController.swift */ = {isa = PBXFileReference; lastKnownFileType = sourcecode.swift; path = AppsPageController.swift; sourceTree = "<group>"; };
		9047F19E28468B2D0017B1E0 /* AppsSearchController.swift */ = {isa = PBXFileReference; lastKnownFileType = sourcecode.swift; path = AppsSearchController.swift; sourceTree = "<group>"; };
		9047F1A4284694110017B1E0 /* AppsGroupCell.swift */ = {isa = PBXFileReference; lastKnownFileType = sourcecode.swift; path = AppsGroupCell.swift; sourceTree = "<group>"; };
		9073A76A2866178100113E19 /* SearchResultCell.swift */ = {isa = PBXFileReference; lastKnownFileType = sourcecode.swift; path = SearchResultCell.swift; sourceTree = "<group>"; };
		9073A76D286C5AF200113E19 /* UIView + Layout.swift */ = {isa = PBXFileReference; lastKnownFileType = sourcecode.swift; path = "UIView + Layout.swift"; sourceTree = "<group>"; };
		9073A76F286C6E9100113E19 /* VerticalStackView.swift */ = {isa = PBXFileReference; lastKnownFileType = sourcecode.swift; path = VerticalStackView.swift; sourceTree = "<group>"; };
		909FC33E28589F170051E6AE /* AppGroup.swift */ = {isa = PBXFileReference; lastKnownFileType = sourcecode.swift; path = AppGroup.swift; sourceTree = "<group>"; };
		909FC3412858A62D0051E6AE /* NetworkManager.swift */ = {isa = PBXFileReference; lastKnownFileType = sourcecode.swift; path = NetworkManager.swift; sourceTree = "<group>"; };
		E62A8012E9625B5A6EC44D84 /* Pods_AppStore2K20.framework */ = {isa = PBXFileReference; explicitFileType = wrapper.framework; includeInIndex = 0; path = Pods_AppStore2K20.framework; sourceTree = BUILT_PRODUCTS_DIR; };
/* End PBXFileReference section */

/* Begin PBXFrameworksBuildPhase section */
		9047F17E284682450017B1E0 /* Frameworks */ = {
			isa = PBXFrameworksBuildPhase;
			buildActionMask = 2147483647;
			files = (
				8C0188FB6A5A7066001E1836 /* Pods_AppStore2K20.framework in Frameworks */,
			);
			runOnlyForDeploymentPostprocessing = 0;
		};
/* End PBXFrameworksBuildPhase section */

/* Begin PBXGroup section */
		2E25454DCB13E4A296E4B9C5 /* Frameworks */ = {
			isa = PBXGroup;
			children = (
				E62A8012E9625B5A6EC44D84 /* Pods_AppStore2K20.framework */,
			);
			name = Frameworks;
			sourceTree = "<group>";
		};
		785313975143250B14A9BF26 /* Pods */ = {
			isa = PBXGroup;
			children = (
				54E8DC91CECBEFD89DC06952 /* Pods-AppStore2K20.debug.xcconfig */,
				4DA6B50C982C235C377DBC40 /* Pods-AppStore2K20.release.xcconfig */,
			);
			path = Pods;
			sourceTree = "<group>";
		};
		900AC51C287C3B71004981B5 /* Search */ = {
			isa = PBXGroup;
			children = (
				9047F19E28468B2D0017B1E0 /* AppsSearchController.swift */,
			);
			path = Search;
			sourceTree = "<group>";
		};
		900AC51D287C3B7A004981B5 /* Apps */ = {
			isa = PBXGroup;
			children = (
				9047F19A28468A9C0017B1E0 /* AppsPageController.swift */,
				900AC525287C9D9B004981B5 /* AppHorizontalController.swift */,
				9017337D2880AFEF000552EA /* AppHeaderHorizontalController.swift */,
			);
			path = Apps;
			sourceTree = "<group>";
		};
		900AC51E287C3B80004981B5 /* Today */ = {
			isa = PBXGroup;
			children = (
				9047F188284682450017B1E0 /* TodayController.swift */,
			);
			path = Today;
			sourceTree = "<group>";
		};
		900AC521287C4773004981B5 /* Search */ = {
			isa = PBXGroup;
			children = (
				9073A76A2866178100113E19 /* SearchResultCell.swift */,
			);
			path = Search;
			sourceTree = "<group>";
		};
		900AC522287C477D004981B5 /* Apps */ = {
			isa = PBXGroup;
			children = (
				9047F1A4284694110017B1E0 /* AppsGroupCell.swift */,
				900AC527287DA7AB004981B5 /* AppRowCell.swift */,
				9017337B2880AC19000552EA /* AppsPageHeader.swift */,
				9017337F2880B45E000552EA /* AppsHeaderCell.swift */,
			);
			path = Apps;
			sourceTree = "<group>";
		};
		9047F178284682450017B1E0 = {
			isa = PBXGroup;
			children = (
				9047F183284682450017B1E0 /* AppStore2K20 */,
				9047F182284682450017B1E0 /* Products */,
				785313975143250B14A9BF26 /* Pods */,
				2E25454DCB13E4A296E4B9C5 /* Frameworks */,
			);
			sourceTree = "<group>";
		};
		9047F182284682450017B1E0 /* Products */ = {
			isa = PBXGroup;
			children = (
				9047F181284682450017B1E0 /* AppStore2K20.app */,
			);
			name = Products;
			sourceTree = "<group>";
		};
		9047F183284682450017B1E0 /* AppStore2K20 */ = {
			isa = PBXGroup;
			children = (
				9047F1A328468DDD0017B1E0 /* App */,
				9073A76C286C5ACB00113E19 /* Halpers */,
				9047F1A62846942B0017B1E0 /* Views */,
				9047F1A228468DC70017B1E0 /* Controllers */,
				909FC34028589F330051E6AE /* Models */,
				909FC3432858A6440051E6AE /* Services */,
			);
			path = AppStore2K20;
			sourceTree = "<group>";
		};
		9047F1A228468DC70017B1E0 /* Controllers */ = {
			isa = PBXGroup;
			children = (
				900AC51E287C3B80004981B5 /* Today */,
				900AC51D287C3B7A004981B5 /* Apps */,
				900AC51C287C3B71004981B5 /* Search */,
				900AC51F287C3C63004981B5 /* BaseListController.swift */,
				9047F198284686190017B1E0 /* MainTabBarController.swift */,
			);
			path = Controllers;
			sourceTree = "<group>";
		};
		9047F1A328468DDD0017B1E0 /* App */ = {
			isa = PBXGroup;
			children = (
				9047F184284682450017B1E0 /* AppDelegate.swift */,
				9047F18D284682460017B1E0 /* Assets.xcassets */,
				9047F18F284682460017B1E0 /* LaunchScreen.storyboard */,
				9047F192284682460017B1E0 /* Info.plist */,
			);
			path = App;
			sourceTree = "<group>";
		};
		9047F1A62846942B0017B1E0 /* Views */ = {
			isa = PBXGroup;
			children = (
				900AC522287C477D004981B5 /* Apps */,
				900AC521287C4773004981B5 /* Search */,
			);
			path = Views;
			sourceTree = "<group>";
		};
		9073A76C286C5ACB00113E19 /* Halpers */ = {
			isa = PBXGroup;
			children = (
				9073A76D286C5AF200113E19 /* UIView + Layout.swift */,
				9073A76F286C6E9100113E19 /* VerticalStackView.swift */,
				900AC529287DA91E004981B5 /* Extensions.swift */,
			);
			path = Halpers;
			sourceTree = "<group>";
		};
		909FC34028589F330051E6AE /* Models */ = {
			isa = PBXGroup;
			children = (
				909FC33E28589F170051E6AE /* AppGroup.swift */,
				90070F0728737E8E00E5ED07 /* SearchResult.swift */,
				900DFE0E288AD7E600BD452A /* SocialApp.swift */,
			);
			path = Models;
			sourceTree = "<group>";
		};
		909FC3432858A6440051E6AE /* Services */ = {
			isa = PBXGroup;
			children = (
				909FC3412858A62D0051E6AE /* NetworkManager.swift */,
			);
			path = Services;
			sourceTree = "<group>";
		};
/* End PBXGroup section */

/* Begin PBXNativeTarget section */
		9047F180284682450017B1E0 /* AppStore2K20 */ = {
			isa = PBXNativeTarget;
			buildConfigurationList = 9047F195284682460017B1E0 /* Build configuration list for PBXNativeTarget "AppStore2K20" */;
			buildPhases = (
				E179066EF5CAB055983656E3 /* [CP] Check Pods Manifest.lock */,
				9047F17D284682450017B1E0 /* Sources */,
				9047F17E284682450017B1E0 /* Frameworks */,
				9047F17F284682450017B1E0 /* Resources */,
				A33BCA00FFF8D543EB9371DE /* [CP] Embed Pods Frameworks */,
			);
			buildRules = (
			);
			dependencies = (
			);
			name = AppStore2K20;
			productName = AppStore2K16;
			productReference = 9047F181284682450017B1E0 /* AppStore2K20.app */;
			productType = "com.apple.product-type.application";
		};
/* End PBXNativeTarget section */

/* Begin PBXProject section */
		9047F179284682450017B1E0 /* Project object */ = {
			isa = PBXProject;
			attributes = {
				BuildIndependentTargetsInParallel = 1;
				LastSwiftUpdateCheck = 1340;
				LastUpgradeCheck = 1340;
				TargetAttributes = {
					9047F180284682450017B1E0 = {
						CreatedOnToolsVersion = 13.4;
					};
				};
			};
			buildConfigurationList = 9047F17C284682450017B1E0 /* Build configuration list for PBXProject "AppStore2K20" */;
			compatibilityVersion = "Xcode 13.0";
			developmentRegion = en;
			hasScannedForEncodings = 0;
			knownRegions = (
				en,
				Base,
			);
			mainGroup = 9047F178284682450017B1E0;
			productRefGroup = 9047F182284682450017B1E0 /* Products */;
			projectDirPath = "";
			projectRoot = "";
			targets = (
				9047F180284682450017B1E0 /* AppStore2K20 */,
			);
		};
/* End PBXProject section */

/* Begin PBXResourcesBuildPhase section */
		9047F17F284682450017B1E0 /* Resources */ = {
			isa = PBXResourcesBuildPhase;
			buildActionMask = 2147483647;
			files = (
				9047F191284682460017B1E0 /* LaunchScreen.storyboard in Resources */,
				9047F18E284682460017B1E0 /* Assets.xcassets in Resources */,
			);
			runOnlyForDeploymentPostprocessing = 0;
		};
/* End PBXResourcesBuildPhase section */

/* Begin PBXShellScriptBuildPhase section */
		A33BCA00FFF8D543EB9371DE /* [CP] Embed Pods Frameworks */ = {
			isa = PBXShellScriptBuildPhase;
			buildActionMask = 2147483647;
			files = (
			);
			inputFileListPaths = (
				"${PODS_ROOT}/Target Support Files/Pods-AppStore2K20/Pods-AppStore2K20-frameworks-${CONFIGURATION}-input-files.xcfilelist",
			);
			name = "[CP] Embed Pods Frameworks";
			outputFileListPaths = (
				"${PODS_ROOT}/Target Support Files/Pods-AppStore2K20/Pods-AppStore2K20-frameworks-${CONFIGURATION}-output-files.xcfilelist",
			);
			runOnlyForDeploymentPostprocessing = 0;
			shellPath = /bin/sh;
			shellScript = "\"${PODS_ROOT}/Target Support Files/Pods-AppStore2K20/Pods-AppStore2K20-frameworks.sh\"\n";
			showEnvVarsInLog = 0;
		};
		E179066EF5CAB055983656E3 /* [CP] Check Pods Manifest.lock */ = {
			isa = PBXShellScriptBuildPhase;
			buildActionMask = 2147483647;
			files = (
			);
			inputFileListPaths = (
			);
			inputPaths = (
				"${PODS_PODFILE_DIR_PATH}/Podfile.lock",
				"${PODS_ROOT}/Manifest.lock",
			);
			name = "[CP] Check Pods Manifest.lock";
			outputFileListPaths = (
			);
			outputPaths = (
				"$(DERIVED_FILE_DIR)/Pods-AppStore2K20-checkManifestLockResult.txt",
			);
			runOnlyForDeploymentPostprocessing = 0;
			shellPath = /bin/sh;
			shellScript = "diff \"${PODS_PODFILE_DIR_PATH}/Podfile.lock\" \"${PODS_ROOT}/Manifest.lock\" > /dev/null\nif [ $? != 0 ] ; then\n    # print error to STDERR\n    echo \"error: The sandbox is not in sync with the Podfile.lock. Run 'pod install' or update your CocoaPods installation.\" >&2\n    exit 1\nfi\n# This output is used by Xcode 'outputs' to avoid re-running this script phase.\necho \"SUCCESS\" > \"${SCRIPT_OUTPUT_FILE_0}\"\n";
			showEnvVarsInLog = 0;
		};
/* End PBXShellScriptBuildPhase section */

/* Begin PBXSourcesBuildPhase section */
		9047F17D284682450017B1E0 /* Sources */ = {
			isa = PBXSourcesBuildPhase;
			buildActionMask = 2147483647;
			files = (
				9047F19F28468B2D0017B1E0 /* AppsSearchController.swift in Sources */,
				9073A770286C6E9100113E19 /* VerticalStackView.swift in Sources */,
				9047F19B28468A9C0017B1E0 /* AppsPageController.swift in Sources */,
				9073A76E286C5AF200113E19 /* UIView + Layout.swift in Sources */,
				900DFE0F288AD7E600BD452A /* SocialApp.swift in Sources */,
				909FC3422858A62E0051E6AE /* NetworkManager.swift in Sources */,
				900AC520287C3C63004981B5 /* BaseListController.swift in Sources */,
				9047F1A5284694110017B1E0 /* AppsGroupCell.swift in Sources */,
				9047F189284682450017B1E0 /* TodayController.swift in Sources */,
				909FC33F28589F170051E6AE /* AppGroup.swift in Sources */,
				900AC526287C9D9B004981B5 /* AppHorizontalController.swift in Sources */,
				9017337C2880AC19000552EA /* AppsPageHeader.swift in Sources */,
				9047F185284682450017B1E0 /* AppDelegate.swift in Sources */,
				9017337E2880AFF0000552EA /* AppHeaderHorizontalController.swift in Sources */,
				900AC52A287DA91E004981B5 /* Extensions.swift in Sources */,
				9073A76B2866178100113E19 /* SearchResultCell.swift in Sources */,
				901733802880B45E000552EA /* AppsHeaderCell.swift in Sources */,
				90070F0828737E8E00E5ED07 /* SearchResult.swift in Sources */,
				9047F199284686190017B1E0 /* MainTabBarController.swift in Sources */,
				900AC528287DA7AB004981B5 /* AppRowCell.swift in Sources */,
			);
			runOnlyForDeploymentPostprocessing = 0;
		};
/* End PBXSourcesBuildPhase section */

/* Begin PBXVariantGroup section */
		9047F18F284682460017B1E0 /* LaunchScreen.storyboard */ = {
			isa = PBXVariantGroup;
			children = (
				9047F190284682460017B1E0 /* Base */,
			);
			name = LaunchScreen.storyboard;
			sourceTree = "<group>";
		};
/* End PBXVariantGroup section */

/* Begin XCBuildConfiguration section */
		9047F193284682460017B1E0 /* Debug */ = {
			isa = XCBuildConfiguration;
			buildSettings = {
				ALWAYS_SEARCH_USER_PATHS = NO;
				CLANG_ANALYZER_NONNULL = YES;
				CLANG_ANALYZER_NUMBER_OBJECT_CONVERSION = YES_AGGRESSIVE;
				CLANG_CXX_LANGUAGE_STANDARD = "gnu++17";
				CLANG_ENABLE_MODULES = YES;
				CLANG_ENABLE_OBJC_ARC = YES;
				CLANG_ENABLE_OBJC_WEAK = YES;
				CLANG_WARN_BLOCK_CAPTURE_AUTORELEASING = YES;
				CLANG_WARN_BOOL_CONVERSION = YES;
				CLANG_WARN_COMMA = YES;
				CLANG_WARN_CONSTANT_CONVERSION = YES;
				CLANG_WARN_DEPRECATED_OBJC_IMPLEMENTATIONS = YES;
				CLANG_WARN_DIRECT_OBJC_ISA_USAGE = YES_ERROR;
				CLANG_WARN_DOCUMENTATION_COMMENTS = YES;
				CLANG_WARN_EMPTY_BODY = YES;
				CLANG_WARN_ENUM_CONVERSION = YES;
				CLANG_WARN_INFINITE_RECURSION = YES;
				CLANG_WARN_INT_CONVERSION = YES;
				CLANG_WARN_NON_LITERAL_NULL_CONVERSION = YES;
				CLANG_WARN_OBJC_IMPLICIT_RETAIN_SELF = YES;
				CLANG_WARN_OBJC_LITERAL_CONVERSION = YES;
				CLANG_WARN_OBJC_ROOT_CLASS = YES_ERROR;
				CLANG_WARN_QUOTED_INCLUDE_IN_FRAMEWORK_HEADER = YES;
				CLANG_WARN_RANGE_LOOP_ANALYSIS = YES;
				CLANG_WARN_STRICT_PROTOTYPES = YES;
				CLANG_WARN_SUSPICIOUS_MOVE = YES;
				CLANG_WARN_UNGUARDED_AVAILABILITY = YES_AGGRESSIVE;
				CLANG_WARN_UNREACHABLE_CODE = YES;
				CLANG_WARN__DUPLICATE_METHOD_MATCH = YES;
				COPY_PHASE_STRIP = NO;
				DEBUG_INFORMATION_FORMAT = dwarf;
				ENABLE_STRICT_OBJC_MSGSEND = YES;
				ENABLE_TESTABILITY = YES;
				GCC_C_LANGUAGE_STANDARD = gnu11;
				GCC_DYNAMIC_NO_PIC = NO;
				GCC_NO_COMMON_BLOCKS = YES;
				GCC_OPTIMIZATION_LEVEL = 0;
				GCC_PREPROCESSOR_DEFINITIONS = (
					"DEBUG=1",
					"$(inherited)",
				);
				GCC_WARN_64_TO_32_BIT_CONVERSION = YES;
				GCC_WARN_ABOUT_RETURN_TYPE = YES_ERROR;
				GCC_WARN_UNDECLARED_SELECTOR = YES;
				GCC_WARN_UNINITIALIZED_AUTOS = YES_AGGRESSIVE;
				GCC_WARN_UNUSED_FUNCTION = YES;
				GCC_WARN_UNUSED_VARIABLE = YES;
				IPHONEOS_DEPLOYMENT_TARGET = 14.0;
				MTL_ENABLE_DEBUG_INFO = INCLUDE_SOURCE;
				MTL_FAST_MATH = YES;
				ONLY_ACTIVE_ARCH = YES;
				SDKROOT = iphoneos;
				SWIFT_ACTIVE_COMPILATION_CONDITIONS = DEBUG;
				SWIFT_OPTIMIZATION_LEVEL = "-Onone";
			};
			name = Debug;
		};
		9047F194284682460017B1E0 /* Release */ = {
			isa = XCBuildConfiguration;
			buildSettings = {
				ALWAYS_SEARCH_USER_PATHS = NO;
				CLANG_ANALYZER_NONNULL = YES;
				CLANG_ANALYZER_NUMBER_OBJECT_CONVERSION = YES_AGGRESSIVE;
				CLANG_CXX_LANGUAGE_STANDARD = "gnu++17";
				CLANG_ENABLE_MODULES = YES;
				CLANG_ENABLE_OBJC_ARC = YES;
				CLANG_ENABLE_OBJC_WEAK = YES;
				CLANG_WARN_BLOCK_CAPTURE_AUTORELEASING = YES;
				CLANG_WARN_BOOL_CONVERSION = YES;
				CLANG_WARN_COMMA = YES;
				CLANG_WARN_CONSTANT_CONVERSION = YES;
				CLANG_WARN_DEPRECATED_OBJC_IMPLEMENTATIONS = YES;
				CLANG_WARN_DIRECT_OBJC_ISA_USAGE = YES_ERROR;
				CLANG_WARN_DOCUMENTATION_COMMENTS = YES;
				CLANG_WARN_EMPTY_BODY = YES;
				CLANG_WARN_ENUM_CONVERSION = YES;
				CLANG_WARN_INFINITE_RECURSION = YES;
				CLANG_WARN_INT_CONVERSION = YES;
				CLANG_WARN_NON_LITERAL_NULL_CONVERSION = YES;
				CLANG_WARN_OBJC_IMPLICIT_RETAIN_SELF = YES;
				CLANG_WARN_OBJC_LITERAL_CONVERSION = YES;
				CLANG_WARN_OBJC_ROOT_CLASS = YES_ERROR;
				CLANG_WARN_QUOTED_INCLUDE_IN_FRAMEWORK_HEADER = YES;
				CLANG_WARN_RANGE_LOOP_ANALYSIS = YES;
				CLANG_WARN_STRICT_PROTOTYPES = YES;
				CLANG_WARN_SUSPICIOUS_MOVE = YES;
				CLANG_WARN_UNGUARDED_AVAILABILITY = YES_AGGRESSIVE;
				CLANG_WARN_UNREACHABLE_CODE = YES;
				CLANG_WARN__DUPLICATE_METHOD_MATCH = YES;
				COPY_PHASE_STRIP = NO;
				DEBUG_INFORMATION_FORMAT = "dwarf-with-dsym";
				ENABLE_NS_ASSERTIONS = NO;
				ENABLE_STRICT_OBJC_MSGSEND = YES;
				GCC_C_LANGUAGE_STANDARD = gnu11;
				GCC_NO_COMMON_BLOCKS = YES;
				GCC_WARN_64_TO_32_BIT_CONVERSION = YES;
				GCC_WARN_ABOUT_RETURN_TYPE = YES_ERROR;
				GCC_WARN_UNDECLARED_SELECTOR = YES;
				GCC_WARN_UNINITIALIZED_AUTOS = YES_AGGRESSIVE;
				GCC_WARN_UNUSED_FUNCTION = YES;
				GCC_WARN_UNUSED_VARIABLE = YES;
				IPHONEOS_DEPLOYMENT_TARGET = 14.0;
				MTL_ENABLE_DEBUG_INFO = NO;
				MTL_FAST_MATH = YES;
				SDKROOT = iphoneos;
				SWIFT_COMPILATION_MODE = wholemodule;
				SWIFT_OPTIMIZATION_LEVEL = "-O";
				VALIDATE_PRODUCT = YES;
			};
			name = Release;
		};
		9047F196284682460017B1E0 /* Debug */ = {
			isa = XCBuildConfiguration;
			baseConfigurationReference = 54E8DC91CECBEFD89DC06952 /* Pods-AppStore2K20.debug.xcconfig */;
			buildSettings = {
				ASSETCATALOG_COMPILER_APPICON_NAME = AppIcon;
				ASSETCATALOG_COMPILER_GLOBAL_ACCENT_COLOR_NAME = AccentColor;
				CODE_SIGN_STYLE = Automatic;
				CURRENT_PROJECT_VERSION = 1;
				DEVELOPMENT_TEAM = S3448RJL2F;
				GENERATE_INFOPLIST_FILE = YES;
				INFOPLIST_FILE = AppStore2K20/App/Info.plist;
				INFOPLIST_KEY_UIApplicationSupportsIndirectInputEvents = YES;
				INFOPLIST_KEY_UILaunchStoryboardName = LaunchScreen;
				INFOPLIST_KEY_UISupportedInterfaceOrientations = UIInterfaceOrientationPortrait;
				INFOPLIST_KEY_UISupportedInterfaceOrientations_iPad = "UIInterfaceOrientationPortrait UIInterfaceOrientationPortraitUpsideDown UIInterfaceOrientationLandscapeLeft UIInterfaceOrientationLandscapeRight";
				INFOPLIST_KEY_UISupportedInterfaceOrientations_iPhone = UIInterfaceOrientationPortrait;
				IPHONEOS_DEPLOYMENT_TARGET = 14.0;
				LD_RUNPATH_SEARCH_PATHS = (
					"$(inherited)",
					"@executable_path/Frameworks",
				);
				MARKETING_VERSION = 1.0;
				PRODUCT_BUNDLE_IDENTIFIER = com.WhiteAlien.AppStore2K20;
				PRODUCT_NAME = "$(TARGET_NAME)";
				SWIFT_EMIT_LOC_STRINGS = YES;
				SWIFT_VERSION = 5.0;
				TARGETED_DEVICE_FAMILY = 1;
			};
			name = Debug;
		};
		9047F197284682460017B1E0 /* Release */ = {
			isa = XCBuildConfiguration;
			baseConfigurationReference = 4DA6B50C982C235C377DBC40 /* Pods-AppStore2K20.release.xcconfig */;
			buildSettings = {
				ASSETCATALOG_COMPILER_APPICON_NAME = AppIcon;
				ASSETCATALOG_COMPILER_GLOBAL_ACCENT_COLOR_NAME = AccentColor;
				CODE_SIGN_STYLE = Automatic;
				CURRENT_PROJECT_VERSION = 1;
				DEVELOPMENT_TEAM = S3448RJL2F;
				GENERATE_INFOPLIST_FILE = YES;
				INFOPLIST_FILE = AppStore2K20/App/Info.plist;
				INFOPLIST_KEY_UIApplicationSupportsIndirectInputEvents = YES;
				INFOPLIST_KEY_UILaunchStoryboardName = LaunchScreen;
				INFOPLIST_KEY_UISupportedInterfaceOrientations = UIInterfaceOrientationPortrait;
				INFOPLIST_KEY_UISupportedInterfaceOrientations_iPad = "UIInterfaceOrientationPortrait UIInterfaceOrientationPortraitUpsideDown UIInterfaceOrientationLandscapeLeft UIInterfaceOrientationLandscapeRight";
				INFOPLIST_KEY_UISupportedInterfaceOrientations_iPhone = UIInterfaceOrientationPortrait;
				IPHONEOS_DEPLOYMENT_TARGET = 14.0;
				LD_RUNPATH_SEARCH_PATHS = (
					"$(inherited)",
					"@executable_path/Frameworks",
				);
				MARKETING_VERSION = 1.0;
				PRODUCT_BUNDLE_IDENTIFIER = com.WhiteAlien.AppStore2K20;
				PRODUCT_NAME = "$(TARGET_NAME)";
				SWIFT_EMIT_LOC_STRINGS = YES;
				SWIFT_VERSION = 5.0;
				TARGETED_DEVICE_FAMILY = 1;
			};
			name = Release;
		};
/* End XCBuildConfiguration section */

/* Begin XCConfigurationList section */
		9047F17C284682450017B1E0 /* Build configuration list for PBXProject "AppStore2K20" */ = {
			isa = XCConfigurationList;
			buildConfigurations = (
				9047F193284682460017B1E0 /* Debug */,
				9047F194284682460017B1E0 /* Release */,
			);
			defaultConfigurationIsVisible = 0;
			defaultConfigurationName = Release;
		};
		9047F195284682460017B1E0 /* Build configuration list for PBXNativeTarget "AppStore2K20" */ = {
			isa = XCConfigurationList;
			buildConfigurations = (
				9047F196284682460017B1E0 /* Debug */,
				9047F197284682460017B1E0 /* Release */,
			);
			defaultConfigurationIsVisible = 0;
			defaultConfigurationName = Release;
		};
/* End XCConfigurationList section */
	};
	rootObject = 9047F179284682450017B1E0 /* Project object */;
}
